# IF THERE'S A GIT CONFLICT IN THIS FILE, DON'T SOLVE IT MANUALLY!
# INSTEAD EXECUTE `prisma migrate fix`
# Prisma Migrate lockfile v1
# Read more about conflict resolution here: TODO

20200418070844-init
20200418091048-add-user-model
20200418093218-add-category-model
20200418095649-add-location-model
20200418100936-add-tag-model
20200418104046-add-item-model
20200418110637-fix-relations
20200418112939-fails
20200418115101-clean-up
20200418120104-eureka
20200418120354-hmm
20200418191536-fff
20200418192419-models-more
20200418194345-try-again
20200418200422-lkop-kl
20200418202404-udtfu
20200418202522-yufghj
20200418205727-hghjgfhj